
Microsoft Visual Studio Solution File, Format Version 12.00
# Visual Studio Version 16
VisualStudioVersion = 16.0.31605.320
MinimumVisualStudioVersion = 10.0.40219.1
Project("{FAE04EC0-301F-11D3-BF4B-00C04F79EFBC}") = "OneToManyDemo", "OneToManyDemo\OneToManyDemo.csproj", "{036DDEDF-231F-479B-ACD1-5A0F8716E717}"
EndProject
Project("{FAE04EC0-301F-11D3-BF4B-00C04F79EFBC}") = "Core", "Core\Core.csproj", "{0A79494E-DFAD-4E33-B2B0-D61B546C563C}"
EndProject
Project("{FAE04EC0-301F-11D3-BF4B-00C04F79EFBC}") = "Services", "Services\Services.csproj", "{918607A1-25E5-4ED9-ADAD-707579DEB26B}"
EndProject
Project("{FAE04EC0-301F-11D3-BF4B-00C04F79EFBC}") = "Dto", "Dto\Dto.csproj", "{DFBDDF67-EBA7-41D2-AB32-94BF16FD63D3}"
EndProject
Global
	GlobalSection(SolutionConfigurationPlatforms) = preSolution
		Debug|Any CPU = Debug|Any CPU
		Release|Any CPU = Release|Any CPU
	EndGlobalSection
	GlobalSection(ProjectConfigurationPlatforms) = postSolution
		{036DDEDF-231F-479B-ACD1-5A0F8716E717}.Debug|Any CPU.ActiveCfg = Debug|Any CPU
		{036DDEDF-231F-479B-ACD1-5A0F8716E717}.Debug|Any CPU.Build.0 = Debug|Any CPU
		{036DDEDF-231F-479B-ACD1-5A0F8716E717}.Release|Any CPU.ActiveCfg = Release|Any CPU
		{036DDEDF-231F-479B-ACD1-5A0F8716E717}.Release|Any CPU.Build.0 = Release|Any CPU
		{0A79494E-DFAD-4E33-B2B0-D61B546C563C}.Debug|Any CPU.ActiveCfg = Debug|Any CPU
		{0A79494E-DFAD-4E33-B2B0-D61B546C563C}.Debug|Any CPU.Build.0 = Debug|Any CPU
		{0A79494E-DFAD-4E33-B2B0-D61B546C563C}.Release|Any CPU.ActiveCfg = Release|Any CPU
		{0A79494E-DFAD-4E33-B2B0-D61B546C563C}.Release|Any CPU.Build.0 = Release|Any CPU
		{918607A1-25E5-4ED9-ADAD-707579DEB26B}.Debug|Any CPU.ActiveCfg = Debug|Any CPU
		{918607A1-25E5-4ED9-ADAD-707579DEB26B}.Debug|Any CPU.Build.0 = Debug|Any CPU
		{918607A1-25E5-4ED9-ADAD-707579DEB26B}.Release|Any CPU.ActiveCfg = Release|Any CPU
		{918607A1-25E5-4ED9-ADAD-707579DEB26B}.Release|Any CPU.Build.0 = Release|Any CPU
		{DFBDDF67-EBA7-41D2-AB32-94BF16FD63D3}.Debug|Any CPU.ActiveCfg = Debug|Any CPU
		{DFBDDF67-EBA7-41D2-AB32-94BF16FD63D3}.Debug|Any CPU.Build.0 = Debug|Any CPU
		{DFBDDF67-EBA7-41D2-AB32-94BF16FD63D3}.Release|Any CPU.ActiveCfg = Release|Any CPU
		{DFBDDF67-EBA7-41D2-AB32-94BF16FD63D3}.Release|Any CPU.Build.0 = Release|Any CPU
	EndGlobalSection
	GlobalSection(SolutionProperties) = preSolution
		HideSolutionNode = FALSE
	EndGlobalSection
	GlobalSection(ExtensibilityGlobals) = postSolution
		SolutionGuid = {E905BD0B-884E-42DC-A47B-99CC695501BF}
	EndGlobalSection
EndGlobal
